
Microsoft Visual Studio Solution File, Format Version 12.00
# Visual Studio Version 16
VisualStudioVersion = 16.0.30517.126
MinimumVisualStudioVersion = 10.0.40219.1
Project("{FAE04EC0-301F-11D3-BF4B-00C04F79EFBC}") = "FancyToys", "FancyToys.csproj", "{0DD03D12-8626-44BF-B1E4-2D2D096F008D}"
EndProject
Project("{FAE04EC0-301F-11D3-BF4B-00C04F79EFBC}") = "FancyServer", "Tools\FancyServer\FancyServer.csproj", "{359B9806-02B0-4D04-896E-FF2EB6769E82}"
EndProject
Project("{FAE04EC0-301F-11D3-BF4B-00C04F79EFBC}") = "FancyTest", "Tools\FancyTest\FancyTest.csproj", "{782E7DDF-4ED1-4951-9A87-5A2C05E4524C}"
EndProject
Project("{FAE04EC0-301F-11D3-BF4B-00C04F79EFBC}") = "FancyTool", "Tools\FancyTool\FancyTool.csproj", "{E70084E8-95B2-4A7E-852F-46EFDFD2BA1E}"
EndProject
Project("{D954291E-2A0B-460D-934E-DC6B0785DB48}") = "FancyUtil", "Tools\FancyUtil\FancyUtil.shproj", "{5D7922B8-9FA2-4064-97DB-17987A3105F3}"
EndProject
Global
	GlobalSection(SharedMSBuildProjectFiles) = preSolution
		Tools\FancyUtil\FancyUtil.projitems*{5d7922b8-9fa2-4064-97db-17987a3105f3}*SharedItemsImports = 13
	EndGlobalSection
	GlobalSection(SolutionConfigurationPlatforms) = preSolution
		Debug|Any CPU = Debug|Any CPU
		Debug|ARM = Debug|ARM
		Debug|ARM64 = Debug|ARM64
		Debug|x64 = Debug|x64
		Debug|x86 = Debug|x86
		Release|Any CPU = Release|Any CPU
		Release|ARM = Release|ARM
		Release|ARM64 = Release|ARM64
		Release|x64 = Release|x64
		Release|x86 = Release|x86
	EndGlobalSection
	GlobalSection(ProjectConfigurationPlatforms) = postSolution
		{0DD03D12-8626-44BF-B1E4-2D2D096F008D}.Debug|Any CPU.ActiveCfg = Debug|x86
		{0DD03D12-8626-44BF-B1E4-2D2D096F008D}.Debug|ARM.ActiveCfg = Debug|ARM
		{0DD03D12-8626-44BF-B1E4-2D2D096F008D}.Debug|ARM.Build.0 = Debug|ARM
		{0DD03D12-8626-44BF-B1E4-2D2D096F008D}.Debug|ARM.Deploy.0 = Debug|ARM
		{0DD03D12-8626-44BF-B1E4-2D2D096F008D}.Debug|ARM64.ActiveCfg = Debug|ARM64
		{0DD03D12-8626-44BF-B1E4-2D2D096F008D}.Debug|ARM64.Build.0 = Debug|ARM64
		{0DD03D12-8626-44BF-B1E4-2D2D096F008D}.Debug|ARM64.Deploy.0 = Debug|ARM64
		{0DD03D12-8626-44BF-B1E4-2D2D096F008D}.Debug|x64.ActiveCfg = Debug|x64
		{0DD03D12-8626-44BF-B1E4-2D2D096F008D}.Debug|x64.Build.0 = Debug|x64
		{0DD03D12-8626-44BF-B1E4-2D2D096F008D}.Debug|x64.Deploy.0 = Debug|x64
		{0DD03D12-8626-44BF-B1E4-2D2D096F008D}.Debug|x86.ActiveCfg = Debug|x64
		{0DD03D12-8626-44BF-B1E4-2D2D096F008D}.Debug|x86.Build.0 = Debug|x64
		{0DD03D12-8626-44BF-B1E4-2D2D096F008D}.Debug|x86.Deploy.0 = Debug|x64
		{0DD03D12-8626-44BF-B1E4-2D2D096F008D}.Release|Any CPU.ActiveCfg = Release|x86
		{0DD03D12-8626-44BF-B1E4-2D2D096F008D}.Release|ARM.ActiveCfg = Release|ARM
		{0DD03D12-8626-44BF-B1E4-2D2D096F008D}.Release|ARM.Build.0 = Release|ARM
		{0DD03D12-8626-44BF-B1E4-2D2D096F008D}.Release|ARM.Deploy.0 = Release|ARM
		{0DD03D12-8626-44BF-B1E4-2D2D096F008D}.Release|ARM64.ActiveCfg = Release|ARM64
		{0DD03D12-8626-44BF-B1E4-2D2D096F008D}.Release|ARM64.Build.0 = Release|ARM64
		{0DD03D12-8626-44BF-B1E4-2D2D096F008D}.Release|ARM64.Deploy.0 = Release|ARM64
		{0DD03D12-8626-44BF-B1E4-2D2D096F008D}.Release|x64.ActiveCfg = Release|x64
		{0DD03D12-8626-44BF-B1E4-2D2D096F008D}.Release|x64.Build.0 = Release|x64
		{0DD03D12-8626-44BF-B1E4-2D2D096F008D}.Release|x64.Deploy.0 = Release|x64
		{0DD03D12-8626-44BF-B1E4-2D2D096F008D}.Release|x86.ActiveCfg = Release|x64
		{0DD03D12-8626-44BF-B1E4-2D2D096F008D}.Release|x86.Build.0 = Release|x64
		{0DD03D12-8626-44BF-B1E4-2D2D096F008D}.Release|x86.Deploy.0 = Release|x64
		{359B9806-02B0-4D04-896E-FF2EB6769E82}.Debug|Any CPU.ActiveCfg = Debug|Any CPU
		{359B9806-02B0-4D04-896E-FF2EB6769E82}.Debug|Any CPU.Build.0 = Debug|Any CPU
		{359B9806-02B0-4D04-896E-FF2EB6769E82}.Debug|ARM.ActiveCfg = Debug|Any CPU
		{359B9806-02B0-4D04-896E-FF2EB6769E82}.Debug|ARM.Build.0 = Debug|Any CPU
		{359B9806-02B0-4D04-896E-FF2EB6769E82}.Debug|ARM64.ActiveCfg = Debug|Any CPU
		{359B9806-02B0-4D04-896E-FF2EB6769E82}.Debug|ARM64.Build.0 = Debug|Any CPU
		{359B9806-02B0-4D04-896E-FF2EB6769E82}.Debug|x64.ActiveCfg = Debug|Any CPU
		{359B9806-02B0-4D04-896E-FF2EB6769E82}.Debug|x64.Build.0 = Debug|Any CPU
		{359B9806-02B0-4D04-896E-FF2EB6769E82}.Debug|x86.ActiveCfg = Debug|Any CPU
		{359B9806-02B0-4D04-896E-FF2EB6769E82}.Debug|x86.Build.0 = Debug|Any CPU
		{359B9806-02B0-4D04-896E-FF2EB6769E82}.Release|Any CPU.ActiveCfg = Release|Any CPU
		{359B9806-02B0-4D04-896E-FF2EB6769E82}.Release|Any CPU.Build.0 = Release|Any CPU
		{359B9806-02B0-4D04-896E-FF2EB6769E82}.Release|ARM.ActiveCfg = Release|Any CPU
		{359B9806-02B0-4D04-896E-FF2EB6769E82}.Release|ARM.Build.0 = Release|Any CPU
		{359B9806-02B0-4D04-896E-FF2EB6769E82}.Release|ARM64.ActiveCfg = Release|Any CPU
		{359B9806-02B0-4D04-896E-FF2EB6769E82}.Release|ARM64.Build.0 = Release|Any CPU
		{359B9806-02B0-4D04-896E-FF2EB6769E82}.Release|x64.ActiveCfg = Release|Any CPU
		{359B9806-02B0-4D04-896E-FF2EB6769E82}.Release|x64.Build.0 = Release|Any CPU
		{359B9806-02B0-4D04-896E-FF2EB6769E82}.Release|x86.ActiveCfg = Release|Any CPU
		{359B9806-02B0-4D04-896E-FF2EB6769E82}.Release|x86.Build.0 = Release|Any CPU
		{782E7DDF-4ED1-4951-9A87-5A2C05E4524C}.Debug|Any CPU.ActiveCfg = Debug|x86
		{782E7DDF-4ED1-4951-9A87-5A2C05E4524C}.Debug|ARM.ActiveCfg = Debug|ARM
		{782E7DDF-4ED1-4951-9A87-5A2C05E4524C}.Debug|ARM.Build.0 = Debug|ARM
		{782E7DDF-4ED1-4951-9A87-5A2C05E4524C}.Debug|ARM.Deploy.0 = Debug|ARM
		{782E7DDF-4ED1-4951-9A87-5A2C05E4524C}.Debug|ARM64.ActiveCfg = Debug|ARM64
		{782E7DDF-4ED1-4951-9A87-5A2C05E4524C}.Debug|ARM64.Build.0 = Debug|ARM64
		{782E7DDF-4ED1-4951-9A87-5A2C05E4524C}.Debug|ARM64.Deploy.0 = Debug|ARM64
		{782E7DDF-4ED1-4951-9A87-5A2C05E4524C}.Debug|x64.ActiveCfg = Debug|x64
		{782E7DDF-4ED1-4951-9A87-5A2C05E4524C}.Debug|x64.Build.0 = Debug|x64
		{782E7DDF-4ED1-4951-9A87-5A2C05E4524C}.Debug|x64.Deploy.0 = Debug|x64
		{782E7DDF-4ED1-4951-9A87-5A2C05E4524C}.Debug|x86.ActiveCfg = Debug|x86
		{782E7DDF-4ED1-4951-9A87-5A2C05E4524C}.Debug|x86.Build.0 = Debug|x86
		{782E7DDF-4ED1-4951-9A87-5A2C05E4524C}.Debug|x86.Deploy.0 = Debug|x86
		{782E7DDF-4ED1-4951-9A87-5A2C05E4524C}.Release|Any CPU.ActiveCfg = Release|x86
		{782E7DDF-4ED1-4951-9A87-5A2C05E4524C}.Release|ARM.ActiveCfg = Release|ARM
		{782E7DDF-4ED1-4951-9A87-5A2C05E4524C}.Release|ARM.Build.0 = Release|ARM
		{782E7DDF-4ED1-4951-9A87-5A2C05E4524C}.Release|ARM.Deploy.0 = Release|ARM
		{782E7DDF-4ED1-4951-9A87-5A2C05E4524C}.Release|ARM64.ActiveCfg = Release|ARM64
		{782E7DDF-4ED1-4951-9A87-5A2C05E4524C}.Release|ARM64.Build.0 = Release|ARM64
		{782E7DDF-4ED1-4951-9A87-5A2C05E4524C}.Release|ARM64.Deploy.0 = Release|ARM64
		{782E7DDF-4ED1-4951-9A87-5A2C05E4524C}.Release|x64.ActiveCfg = Release|x64
		{782E7DDF-4ED1-4951-9A87-5A2C05E4524C}.Release|x64.Build.0 = Release|x64
		{782E7DDF-4ED1-4951-9A87-5A2C05E4524C}.Release|x64.Deploy.0 = Release|x64
		{782E7DDF-4ED1-4951-9A87-5A2C05E4524C}.Release|x86.ActiveCfg = Release|x86
		{782E7DDF-4ED1-4951-9A87-5A2C05E4524C}.Release|x86.Build.0 = Release|x86
		{782E7DDF-4ED1-4951-9A87-5A2C05E4524C}.Release|x86.Deploy.0 = Release|x86
		{E70084E8-95B2-4A7E-852F-46EFDFD2BA1E}.Debug|Any CPU.ActiveCfg = Debug|Any CPU
		{E70084E8-95B2-4A7E-852F-46EFDFD2BA1E}.Debug|Any CPU.Build.0 = Debug|Any CPU
		{E70084E8-95B2-4A7E-852F-46EFDFD2BA1E}.Debug|ARM.ActiveCfg = Debug|Any CPU
		{E70084E8-95B2-4A7E-852F-46EFDFD2BA1E}.Debug|ARM.Build.0 = Debug|Any CPU
		{E70084E8-95B2-4A7E-852F-46EFDFD2BA1E}.Debug|ARM64.ActiveCfg = Debug|Any CPU
		{E70084E8-95B2-4A7E-852F-46EFDFD2BA1E}.Debug|ARM64.Build.0 = Debug|Any CPU
		{E70084E8-95B2-4A7E-852F-46EFDFD2BA1E}.Debug|x64.ActiveCfg = Debug|Any CPU
		{E70084E8-95B2-4A7E-852F-46EFDFD2BA1E}.Debug|x64.Build.0 = Debug|Any CPU
		{E70084E8-95B2-4A7E-852F-46EFDFD2BA1E}.Debug|x86.ActiveCfg = Debug|Any CPU
		{E70084E8-95B2-4A7E-852F-46EFDFD2BA1E}.Debug|x86.Build.0 = Debug|Any CPU
		{E70084E8-95B2-4A7E-852F-46EFDFD2BA1E}.Release|Any CPU.ActiveCfg = Release|Any CPU
		{E70084E8-95B2-4A7E-852F-46EFDFD2BA1E}.Release|Any CPU.Build.0 = Release|Any CPU
		{E70084E8-95B2-4A7E-852F-46EFDFD2BA1E}.Release|ARM.ActiveCfg = Release|Any CPU
		{E70084E8-95B2-4A7E-852F-46EFDFD2BA1E}.Release|ARM.Build.0 = Release|Any CPU
		{E70084E8-95B2-4A7E-852F-46EFDFD2BA1E}.Release|ARM64.ActiveCfg = Release|Any CPU
		{E70084E8-95B2-4A7E-852F-46EFDFD2BA1E}.Release|ARM64.Build.0 = Release|Any CPU
		{E70084E8-95B2-4A7E-852F-46EFDFD2BA1E}.Release|x64.ActiveCfg = Release|Any CPU
		{E70084E8-95B2-4A7E-852F-46EFDFD2BA1E}.Release|x64.Build.0 = Release|Any CPU
		{E70084E8-95B2-4A7E-852F-46EFDFD2BA1E}.Release|x86.ActiveCfg = Release|Any CPU
		{E70084E8-95B2-4A7E-852F-46EFDFD2BA1E}.Release|x86.Build.0 = Release|Any CPU
	EndGlobalSection
	GlobalSection(SolutionProperties) = preSolution
		HideSolutionNode = FALSE
	EndGlobalSection
	GlobalSection(ExtensibilityGlobals) = postSolution
		SolutionGuid = {4FAF25F0-CEF1-4C7A-BA2A-9CB8A8D4EA82}
	EndGlobalSection
EndGlobal
